
Microsoft Visual Studio Solution File, Format Version 12.00
# Visual Studio Version 17
VisualStudioVersion = 17.7.34031.279
MinimumVisualStudioVersion = 10.0.40219.1
Project("{9A19103F-16F7-4668-BE54-9A1E7A4F7556}") = "Todo.TorneSeUmProgramador.App", "Todo.TorneSeUmProgramador.App\Todo.TorneSeUmProgramador.App.csproj", "{E6680770-9882-4BF4-B06C-B2103CC7D1F2}"
EndProject
Project("{9A19103F-16F7-4668-BE54-9A1E7A4F7556}") = "Todo.TorneSeUmProgramador.Core", "Todo.TorneSeUmProgramador.Core\Todo.TorneSeUmProgramador.Core.csproj", "{F5CD1FE5-6038-4E97-B354-96C8C392B7B5}"
EndProject
Project("{9A19103F-16F7-4668-BE54-9A1E7A4F7556}") = "Todo.TorneSeUmProgramador.Data", "Todo.TorneSeUmProgramador.Data\Todo.TorneSeUmProgramador.Data.csproj", "{FA06DE62-C9FC-427A-9233-DADFA7E54F2C}"
EndProject
Project("{2150E333-8FDC-42A3-9474-1A3956D46DE8}") = "App1", "App1", "{908EA5A0-50E7-4E86-AA1F-06D7CF9A0859}"
EndProject
Project("{2150E333-8FDC-42A3-9474-1A3956D46DE8}") = "App2", "App2", "{4EB23D6E-8503-45F4-97DE-60083902DF27}"
EndProject
Project("{9A19103F-16F7-4668-BE54-9A1E7A4F7556}") = "Viagens.TorneSeUmProgramador.App", "Viagens.TorneSeUmProgramador.App\Viagens.TorneSeUmProgramador.App.csproj", "{7110B806-29CA-4CC3-A548-67026E48C177}"
EndProject
Project("{9A19103F-16F7-4668-BE54-9A1E7A4F7556}") = "Viagens.TorneSeUmProgramador.Core", "Viagens.TorneSeUmProgramador.Core\Viagens.TorneSeUmProgramador.Core.csproj", "{B9201970-1477-4F6D-98D1-3639A0B50F69}"
EndProject
Project("{9A19103F-16F7-4668-BE54-9A1E7A4F7556}") = "Viagens.TorneSeUmProgramador.Business", "Viagens.TorneSeUmProgramador.Business\Viagens.TorneSeUmProgramador.Business.csproj", "{28F6A74B-F843-4EF8-ABF5-AC9076461FBD}"
EndProject
Project("{9A19103F-16F7-4668-BE54-9A1E7A4F7556}") = "Viagens.TorneSeUmProgramador.Data", "Viagens.TorneSeUmProgramador.Data\Viagens.TorneSeUmProgramador.Data.csproj", "{D2492905-BBB7-41BC-9FAB-AC3E9AA5A838}"
EndProject
Global
	GlobalSection(SolutionConfigurationPlatforms) = preSolution
		Debug|Any CPU = Debug|Any CPU
		Release|Any CPU = Release|Any CPU
	EndGlobalSection
	GlobalSection(ProjectConfigurationPlatforms) = postSolution
		{E6680770-9882-4BF4-B06C-B2103CC7D1F2}.Debug|Any CPU.ActiveCfg = Debug|Any CPU
		{E6680770-9882-4BF4-B06C-B2103CC7D1F2}.Debug|Any CPU.Build.0 = Debug|Any CPU
		{E6680770-9882-4BF4-B06C-B2103CC7D1F2}.Debug|Any CPU.Deploy.0 = Debug|Any CPU
		{E6680770-9882-4BF4-B06C-B2103CC7D1F2}.Release|Any CPU.ActiveCfg = Release|Any CPU
		{E6680770-9882-4BF4-B06C-B2103CC7D1F2}.Release|Any CPU.Build.0 = Release|Any CPU
		{E6680770-9882-4BF4-B06C-B2103CC7D1F2}.Release|Any CPU.Deploy.0 = Release|Any CPU
		{F5CD1FE5-6038-4E97-B354-96C8C392B7B5}.Debug|Any CPU.ActiveCfg = Debug|Any CPU
		{F5CD1FE5-6038-4E97-B354-96C8C392B7B5}.Debug|Any CPU.Build.0 = Debug|Any CPU
		{F5CD1FE5-6038-4E97-B354-96C8C392B7B5}.Release|Any CPU.ActiveCfg = Release|Any CPU
		{F5CD1FE5-6038-4E97-B354-96C8C392B7B5}.Release|Any CPU.Build.0 = Release|Any CPU
		{FA06DE62-C9FC-427A-9233-DADFA7E54F2C}.Debug|Any CPU.ActiveCfg = Debug|Any CPU
		{FA06DE62-C9FC-427A-9233-DADFA7E54F2C}.Debug|Any CPU.Build.0 = Debug|Any CPU
		{FA06DE62-C9FC-427A-9233-DADFA7E54F2C}.Release|Any CPU.ActiveCfg = Release|Any CPU
		{FA06DE62-C9FC-427A-9233-DADFA7E54F2C}.Release|Any CPU.Build.0 = Release|Any CPU
		{7110B806-29CA-4CC3-A548-67026E48C177}.Debug|Any CPU.ActiveCfg = Debug|Any CPU
		{7110B806-29CA-4CC3-A548-67026E48C177}.Debug|Any CPU.Build.0 = Debug|Any CPU
		{7110B806-29CA-4CC3-A548-67026E48C177}.Debug|Any CPU.Deploy.0 = Debug|Any CPU
		{7110B806-29CA-4CC3-A548-67026E48C177}.Release|Any CPU.ActiveCfg = Release|Any CPU
		{7110B806-29CA-4CC3-A548-67026E48C177}.Release|Any CPU.Build.0 = Release|Any CPU
		{7110B806-29CA-4CC3-A548-67026E48C177}.Release|Any CPU.Deploy.0 = Release|Any CPU
		{B9201970-1477-4F6D-98D1-3639A0B50F69}.Debug|Any CPU.ActiveCfg = Debug|Any CPU
		{B9201970-1477-4F6D-98D1-3639A0B50F69}.Debug|Any CPU.Build.0 = Debug|Any CPU
		{B9201970-1477-4F6D-98D1-3639A0B50F69}.Release|Any CPU.ActiveCfg = Release|Any CPU
		{B9201970-1477-4F6D-98D1-3639A0B50F69}.Release|Any CPU.Build.0 = Release|Any CPU
		{28F6A74B-F843-4EF8-ABF5-AC9076461FBD}.Debug|Any CPU.ActiveCfg = Debug|Any CPU
		{28F6A74B-F843-4EF8-ABF5-AC9076461FBD}.Debug|Any CPU.Build.0 = Debug|Any CPU
		{28F6A74B-F843-4EF8-ABF5-AC9076461FBD}.Release|Any CPU.ActiveCfg = Release|Any CPU
		{28F6A74B-F843-4EF8-ABF5-AC9076461FBD}.Release|Any CPU.Build.0 = Release|Any CPU
		{D2492905-BBB7-41BC-9FAB-AC3E9AA5A838}.Debug|Any CPU.ActiveCfg = Debug|Any CPU
		{D2492905-BBB7-41BC-9FAB-AC3E9AA5A838}.Debug|Any CPU.Build.0 = Debug|Any CPU
		{D2492905-BBB7-41BC-9FAB-AC3E9AA5A838}.Release|Any CPU.ActiveCfg = Release|Any CPU
		{D2492905-BBB7-41BC-9FAB-AC3E9AA5A838}.Release|Any CPU.Build.0 = Release|Any CPU
	EndGlobalSection
	GlobalSection(SolutionProperties) = preSolution
		HideSolutionNode = FALSE
	EndGlobalSection
	GlobalSection(NestedProjects) = preSolution
		{E6680770-9882-4BF4-B06C-B2103CC7D1F2} = {908EA5A0-50E7-4E86-AA1F-06D7CF9A0859}
		{F5CD1FE5-6038-4E97-B354-96C8C392B7B5} = {908EA5A0-50E7-4E86-AA1F-06D7CF9A0859}
		{FA06DE62-C9FC-427A-9233-DADFA7E54F2C} = {908EA5A0-50E7-4E86-AA1F-06D7CF9A0859}
		{7110B806-29CA-4CC3-A548-67026E48C177} = {4EB23D6E-8503-45F4-97DE-60083902DF27}
		{B9201970-1477-4F6D-98D1-3639A0B50F69} = {4EB23D6E-8503-45F4-97DE-60083902DF27}
		{28F6A74B-F843-4EF8-ABF5-AC9076461FBD} = {4EB23D6E-8503-45F4-97DE-60083902DF27}
		{D2492905-BBB7-41BC-9FAB-AC3E9AA5A838} = {4EB23D6E-8503-45F4-97DE-60083902DF27}
	EndGlobalSection
	GlobalSection(ExtensibilityGlobals) = postSolution
		SolutionGuid = {AB4EB656-919F-46D8-A6BF-86C8C9DDA9DB}
	EndGlobalSection
EndGlobal
